// !$*UTF8*$!
{
	archiveVersion = 1;
	classes = {
	};
	objectVersion = 51;
	objects = {

/* Begin PBXBuildFile section */
		80D0A347F1E03926202C87F9 /* Pods_The_Exonian.framework in Frameworks */ = {isa = PBXBuildFile; fileRef = 289148E741621CC2DC725625 /* Pods_The_Exonian.framework */; };
		C81A3402242930B0000434D0 /* LoginPageViewController.swift in Sources */ = {isa = PBXBuildFile; fileRef = C81A3401242930B0000434D0 /* LoginPageViewController.swift */; };
		C81A340424293300000434D0 /* The Exonian LOGO.jpg in Resources */ = {isa = PBXBuildFile; fileRef = C81A340324293300000434D0 /* The Exonian LOGO.jpg */; };
		C81A3406242969C2000434D0 /* GoogleService-Info.plist in Resources */ = {isa = PBXBuildFile; fileRef = C81A3405242969C2000434D0 /* GoogleService-Info.plist */; };
		C81EA8342429709E002FAF1C /* Article.swift in Sources */ = {isa = PBXBuildFile; fileRef = C81EA8332429709E002FAF1C /* Article.swift */; };
		C83CA6572428288900314B79 /* AppDelegate.swift in Sources */ = {isa = PBXBuildFile; fileRef = C83CA6562428288900314B79 /* AppDelegate.swift */; };
		C83CA6592428288900314B79 /* SceneDelegate.swift in Sources */ = {isa = PBXBuildFile; fileRef = C83CA6582428288900314B79 /* SceneDelegate.swift */; };
		C83CA65B2428288900314B79 /* ViewController.swift in Sources */ = {isa = PBXBuildFile; fileRef = C83CA65A2428288900314B79 /* ViewController.swift */; };
		C83CA65E2428288900314B79 /* Main.storyboard in Resources */ = {isa = PBXBuildFile; fileRef = C83CA65C2428288900314B79 /* Main.storyboard */; };
		C83CA6602428288A00314B79 /* Assets.xcassets in Resources */ = {isa = PBXBuildFile; fileRef = C83CA65F2428288A00314B79 /* Assets.xcassets */; };
		C83CA6632428288A00314B79 /* LaunchScreen.storyboard in Resources */ = {isa = PBXBuildFile; fileRef = C83CA6612428288A00314B79 /* LaunchScreen.storyboard */; };
		C83CA66B24282F2000314B79 /* TopNewsViewController.swift in Sources */ = {isa = PBXBuildFile; fileRef = C83CA66A24282F2000314B79 /* TopNewsViewController.swift */; };
		C83CA66D2428349F00314B79 /* TopNewsCell.swift in Sources */ = {isa = PBXBuildFile; fileRef = C83CA66C2428349F00314B79 /* TopNewsCell.swift */; };
		C83CA66F24284B4400314B79 /* logo.png in Resources */ = {isa = PBXBuildFile; fileRef = C83CA66E24284B4400314B79 /* logo.png */; };
		C83CA673242865B300314B79 /* NewsArticleViewController.swift in Sources */ = {isa = PBXBuildFile; fileRef = C83CA672242865B300314B79 /* NewsArticleViewController.swift */; };
		C83CA6752428694400314B79 /* AccountViewController.swift in Sources */ = {isa = PBXBuildFile; fileRef = C83CA6742428694400314B79 /* AccountViewController.swift */; };
		C83CA6772428695000314B79 /* FavoriteViewController.swift in Sources */ = {isa = PBXBuildFile; fileRef = C83CA6762428695000314B79 /* FavoriteViewController.swift */; };
		C83CA6792428696500314B79 /* SearchViewController.swift in Sources */ = {isa = PBXBuildFile; fileRef = C83CA6782428696500314B79 /* SearchViewController.swift */; };
		C83CA67B2428799B00314B79 /* FavoriteArticleCellTableViewCell.swift in Sources */ = {isa = PBXBuildFile; fileRef = C83CA67A2428799B00314B79 /* FavoriteArticleCellTableViewCell.swift */; };
		C83CA67D242885D200314B79 /* CommentsViewController.swift in Sources */ = {isa = PBXBuildFile; fileRef = C83CA67C242885D200314B79 /* CommentsViewController.swift */; };
		C83CA67F2428874B00314B79 /* CommentsTableViewCell.swift in Sources */ = {isa = PBXBuildFile; fileRef = C83CA67E2428874B00314B79 /* CommentsTableViewCell.swift */; };
		C83CA6812428897D00314B79 /* SearchTableViewCell.swift in Sources */ = {isa = PBXBuildFile; fileRef = C83CA6802428897D00314B79 /* SearchTableViewCell.swift */; };
/* End PBXBuildFile section */

/* Begin PBXFileReference section */
		289148E741621CC2DC725625 /* Pods_The_Exonian.framework */ = {isa = PBXFileReference; explicitFileType = wrapper.framework; includeInIndex = 0; path = Pods_The_Exonian.framework; sourceTree = BUILT_PRODUCTS_DIR; };
		A96E2BB850F1BD90AEBCADE9 /* Pods-The Exonian.debug.xcconfig */ = {isa = PBXFileReference; includeInIndex = 1; lastKnownFileType = text.xcconfig; name = "Pods-The Exonian.debug.xcconfig"; path = "Target Support Files/Pods-The Exonian/Pods-The Exonian.debug.xcconfig"; sourceTree = "<group>"; };
		C2E02116E4CF50D8202D4DDF /* Pods-The Exonian.release.xcconfig */ = {isa = PBXFileReference; includeInIndex = 1; lastKnownFileType = text.xcconfig; name = "Pods-The Exonian.release.xcconfig"; path = "Target Support Files/Pods-The Exonian/Pods-The Exonian.release.xcconfig"; sourceTree = "<group>"; };
		C81A3401242930B0000434D0 /* LoginPageViewController.swift */ = {isa = PBXFileReference; lastKnownFileType = sourcecode.swift; path = LoginPageViewController.swift; sourceTree = "<group>"; };
		C81A340324293300000434D0 /* The Exonian LOGO.jpg */ = {isa = PBXFileReference; lastKnownFileType = image.jpeg; name = "The Exonian LOGO.jpg"; path = "../../../The Exonian LOGO.jpg"; sourceTree = "<group>"; };
		C81A3405242969C2000434D0 /* GoogleService-Info.plist */ = {isa = PBXFileReference; fileEncoding = 4; lastKnownFileType = text.plist.xml; name = "GoogleService-Info.plist"; path = "../../../../Downloads/GoogleService-Info.plist"; sourceTree = "<group>"; };
		C81EA8332429709E002FAF1C /* Article.swift */ = {isa = PBXFileReference; lastKnownFileType = sourcecode.swift; path = Article.swift; sourceTree = "<group>"; };
		C83CA6532428288900314B79 /* The Exonian.app */ = {isa = PBXFileReference; explicitFileType = wrapper.application; includeInIndex = 0; path = "The Exonian.app"; sourceTree = BUILT_PRODUCTS_DIR; };
		C83CA6562428288900314B79 /* AppDelegate.swift */ = {isa = PBXFileReference; lastKnownFileType = sourcecode.swift; path = AppDelegate.swift; sourceTree = "<group>"; };
		C83CA6582428288900314B79 /* SceneDelegate.swift */ = {isa = PBXFileReference; lastKnownFileType = sourcecode.swift; path = SceneDelegate.swift; sourceTree = "<group>"; };
		C83CA65A2428288900314B79 /* ViewController.swift */ = {isa = PBXFileReference; lastKnownFileType = sourcecode.swift; path = ViewController.swift; sourceTree = "<group>"; };
		C83CA65D2428288900314B79 /* Base */ = {isa = PBXFileReference; lastKnownFileType = file.storyboard; name = Base; path = Base.lproj/Main.storyboard; sourceTree = "<group>"; };
		C83CA65F2428288A00314B79 /* Assets.xcassets */ = {isa = PBXFileReference; lastKnownFileType = folder.assetcatalog; path = Assets.xcassets; sourceTree = "<group>"; };
		C83CA6622428288A00314B79 /* Base */ = {isa = PBXFileReference; lastKnownFileType = file.storyboard; name = Base; path = Base.lproj/LaunchScreen.storyboard; sourceTree = "<group>"; };
		C83CA6642428288A00314B79 /* Info.plist */ = {isa = PBXFileReference; lastKnownFileType = text.plist.xml; path = Info.plist; sourceTree = "<group>"; };
		C83CA66A24282F2000314B79 /* TopNewsViewController.swift */ = {isa = PBXFileReference; lastKnownFileType = sourcecode.swift; path = TopNewsViewController.swift; sourceTree = "<group>"; };
		C83CA66C2428349F00314B79 /* TopNewsCell.swift */ = {isa = PBXFileReference; lastKnownFileType = sourcecode.swift; path = TopNewsCell.swift; sourceTree = "<group>"; };
		C83CA66E24284B4400314B79 /* logo.png */ = {isa = PBXFileReference; lastKnownFileType = image.png; name = logo.png; path = ../../../logo.png; sourceTree = "<group>"; };
		C83CA672242865B300314B79 /* NewsArticleViewController.swift */ = {isa = PBXFileReference; lastKnownFileType = sourcecode.swift; path = NewsArticleViewController.swift; sourceTree = "<group>"; };
		C83CA6742428694400314B79 /* AccountViewController.swift */ = {isa = PBXFileReference; lastKnownFileType = sourcecode.swift; path = AccountViewController.swift; sourceTree = "<group>"; };
		C83CA6762428695000314B79 /* FavoriteViewController.swift */ = {isa = PBXFileReference; lastKnownFileType = sourcecode.swift; path = FavoriteViewController.swift; sourceTree = "<group>"; };
		C83CA6782428696500314B79 /* SearchViewController.swift */ = {isa = PBXFileReference; lastKnownFileType = sourcecode.swift; path = SearchViewController.swift; sourceTree = "<group>"; };
		C83CA67A2428799B00314B79 /* FavoriteArticleCellTableViewCell.swift */ = {isa = PBXFileReference; lastKnownFileType = sourcecode.swift; path = FavoriteArticleCellTableViewCell.swift; sourceTree = "<group>"; };
		C83CA67C242885D200314B79 /* CommentsViewController.swift */ = {isa = PBXFileReference; lastKnownFileType = sourcecode.swift; path = CommentsViewController.swift; sourceTree = "<group>"; };
		C83CA67E2428874B00314B79 /* CommentsTableViewCell.swift */ = {isa = PBXFileReference; lastKnownFileType = sourcecode.swift; path = CommentsTableViewCell.swift; sourceTree = "<group>"; };
		C83CA6802428897D00314B79 /* SearchTableViewCell.swift */ = {isa = PBXFileReference; lastKnownFileType = sourcecode.swift; path = SearchTableViewCell.swift; sourceTree = "<group>"; };
/* End PBXFileReference section */

/* Begin PBXFrameworksBuildPhase section */
		C83CA6502428288900314B79 /* Frameworks */ = {
			isa = PBXFrameworksBuildPhase;
			buildActionMask = 2147483647;
			files = (
				80D0A347F1E03926202C87F9 /* Pods_The_Exonian.framework in Frameworks */,
			);
			runOnlyForDeploymentPostprocessing = 0;
		};
/* End PBXFrameworksBuildPhase section */

/* Begin PBXGroup section */
		5457E8539DBEB1F1CB823C37 /* Pods */ = {
			isa = PBXGroup;
			children = (
				A96E2BB850F1BD90AEBCADE9 /* Pods-The Exonian.debug.xcconfig */,
				C2E02116E4CF50D8202D4DDF /* Pods-The Exonian.release.xcconfig */,
			);
			path = Pods;
			sourceTree = "<group>";
		};
		92812BBA3AF401807E310EC6 /* Frameworks */ = {
			isa = PBXGroup;
			children = (
				289148E741621CC2DC725625 /* Pods_The_Exonian.framework */,
			);
			name = Frameworks;
			sourceTree = "<group>";
		};
		C81EA8312429701D002FAF1C /* Model */ = {
			isa = PBXGroup;
			children = (
				C81EA8332429709E002FAF1C /* Article.swift */,
			);
			path = Model;
			sourceTree = "<group>";
		};
		C81EA83224297028002FAF1C /* Controller */ = {
			isa = PBXGroup;
			children = (
				C83CA6802428897D00314B79 /* SearchTableViewCell.swift */,
				C81A3401242930B0000434D0 /* LoginPageViewController.swift */,
			);
			path = Controller;
			sourceTree = "<group>";
		};
		C83CA64A2428288900314B79 = {
			isa = PBXGroup;
			children = (
				C83CA6552428288900314B79 /* The Exonian */,
				C83CA6542428288900314B79 /* Products */,
				5457E8539DBEB1F1CB823C37 /* Pods */,
				92812BBA3AF401807E310EC6 /* Frameworks */,
			);
			sourceTree = "<group>";
		};
		C83CA6542428288900314B79 /* Products */ = {
			isa = PBXGroup;
			children = (
				C83CA6532428288900314B79 /* The Exonian.app */,
			);
			name = Products;
			sourceTree = "<group>";
		};
		C83CA6552428288900314B79 /* The Exonian */ = {
			isa = PBXGroup;
			children = (
				C81EA83224297028002FAF1C /* Controller */,
				C81EA8312429701D002FAF1C /* Model */,
				C81A3405242969C2000434D0 /* GoogleService-Info.plist */,
				C81A340324293300000434D0 /* The Exonian LOGO.jpg */,
				C83CA6562428288900314B79 /* AppDelegate.swift */,
				C83CA66E24284B4400314B79 /* logo.png */,
				C83CA6582428288900314B79 /* SceneDelegate.swift */,
				C83CA65A2428288900314B79 /* ViewController.swift */,
				C83CA65C2428288900314B79 /* Main.storyboard */,
				C83CA65F2428288A00314B79 /* Assets.xcassets */,
				C83CA6612428288A00314B79 /* LaunchScreen.storyboard */,
				C83CA6642428288A00314B79 /* Info.plist */,
				C83CA66A24282F2000314B79 /* TopNewsViewController.swift */,
				C83CA66C2428349F00314B79 /* TopNewsCell.swift */,
				C83CA672242865B300314B79 /* NewsArticleViewController.swift */,
				C83CA6742428694400314B79 /* AccountViewController.swift */,
				C83CA6762428695000314B79 /* FavoriteViewController.swift */,
				C83CA67A2428799B00314B79 /* FavoriteArticleCellTableViewCell.swift */,
				C83CA6782428696500314B79 /* SearchViewController.swift */,
				C83CA67C242885D200314B79 /* CommentsViewController.swift */,
				C83CA67E2428874B00314B79 /* CommentsTableViewCell.swift */,
			);
			path = "The Exonian";
			sourceTree = "<group>";
		};
/* End PBXGroup section */

/* Begin PBXNativeTarget section */
		C83CA6522428288900314B79 /* The Exonian */ = {
			isa = PBXNativeTarget;
			buildConfigurationList = C83CA6672428288A00314B79 /* Build configuration list for PBXNativeTarget "The Exonian" */;
			buildPhases = (
				3A93B67AAA43FBF998870D0C /* [CP] Check Pods Manifest.lock */,
				C83CA64F2428288900314B79 /* Sources */,
				C83CA6502428288900314B79 /* Frameworks */,
				C83CA6512428288900314B79 /* Resources */,
				1881C03FF80CDB6EE3B113BF /* [CP] Embed Pods Frameworks */,
			);
			buildRules = (
			);
			dependencies = (
			);
			name = "The Exonian";
			productName = "The Exonian";
			productReference = C83CA6532428288900314B79 /* The Exonian.app */;
			productType = "com.apple.product-type.application";
		};
/* End PBXNativeTarget section */

/* Begin PBXProject section */
		C83CA64B2428288900314B79 /* Project object */ = {
			isa = PBXProject;
			attributes = {
				LastSwiftUpdateCheck = 1130;
				LastUpgradeCheck = 1130;
				ORGANIZATIONNAME = "Tony Cai";
				TargetAttributes = {
					C83CA6522428288900314B79 = {
						CreatedOnToolsVersion = 11.3.1;
					};
				};
			};
			buildConfigurationList = C83CA64E2428288900314B79 /* Build configuration list for PBXProject "The Exonian" */;
			compatibilityVersion = "Xcode 9.3";
			developmentRegion = en;
			hasScannedForEncodings = 0;
			knownRegions = (
				en,
				Base,
			);
			mainGroup = C83CA64A2428288900314B79;
			productRefGroup = C83CA6542428288900314B79 /* Products */;
			projectDirPath = "";
			projectRoot = "";
			targets = (
				C83CA6522428288900314B79 /* The Exonian */,
			);
		};
/* End PBXProject section */

/* Begin PBXResourcesBuildPhase section */
		C83CA6512428288900314B79 /* Resources */ = {
			isa = PBXResourcesBuildPhase;
			buildActionMask = 2147483647;
			files = (
				C83CA66F24284B4400314B79 /* logo.png in Resources */,
				C83CA6632428288A00314B79 /* LaunchScreen.storyboard in Resources */,
				C83CA6602428288A00314B79 /* Assets.xcassets in Resources */,
				C81A340424293300000434D0 /* The Exonian LOGO.jpg in Resources */,
				C83CA65E2428288900314B79 /* Main.storyboard in Resources */,
				C81A3406242969C2000434D0 /* GoogleService-Info.plist in Resources */,
			);
			runOnlyForDeploymentPostprocessing = 0;
		};
/* End PBXResourcesBuildPhase section */

/* Begin PBXShellScriptBuildPhase section */
		1881C03FF80CDB6EE3B113BF /* [CP] Embed Pods Frameworks */ = {
			isa = PBXShellScriptBuildPhase;
			buildActionMask = 2147483647;
			files = (
			);
			inputFileListPaths = (
				"${PODS_ROOT}/Target Support Files/Pods-The Exonian/Pods-The Exonian-frameworks-${CONFIGURATION}-input-files.xcfilelist",
			);
			name = "[CP] Embed Pods Frameworks";
			outputFileListPaths = (
				"${PODS_ROOT}/Target Support Files/Pods-The Exonian/Pods-The Exonian-frameworks-${CONFIGURATION}-output-files.xcfilelist",
			);
			runOnlyForDeploymentPostprocessing = 0;
			shellPath = /bin/sh;
			shellScript = "\"${PODS_ROOT}/Target Support Files/Pods-The Exonian/Pods-The Exonian-frameworks.sh\"\n";
			showEnvVarsInLog = 0;
		};
		3A93B67AAA43FBF998870D0C /* [CP] Check Pods Manifest.lock */ = {
			isa = PBXShellScriptBuildPhase;
			buildActionMask = 2147483647;
			files = (
			);
			inputFileListPaths = (
			);
			inputPaths = (
				"${PODS_PODFILE_DIR_PATH}/Podfile.lock",
				"${PODS_ROOT}/Manifest.lock",
			);
			name = "[CP] Check Pods Manifest.lock";
			outputFileListPaths = (
			);
			outputPaths = (
				"$(DERIVED_FILE_DIR)/Pods-The Exonian-checkManifestLockResult.txt",
			);
			runOnlyForDeploymentPostprocessing = 0;
			shellPath = /bin/sh;
			shellScript = "diff \"${PODS_PODFILE_DIR_PATH}/Podfile.lock\" \"${PODS_ROOT}/Manifest.lock\" > /dev/null\nif [ $? != 0 ] ; then\n    # print error to STDERR\n    echo \"error: The sandbox is not in sync with the Podfile.lock. Run 'pod install' or update your CocoaPods installation.\" >&2\n    exit 1\nfi\n# This output is used by Xcode 'outputs' to avoid re-running this script phase.\necho \"SUCCESS\" > \"${SCRIPT_OUTPUT_FILE_0}\"\n";
			showEnvVarsInLog = 0;
		};
/* End PBXShellScriptBuildPhase section */

/* Begin PBXSourcesBuildPhase section */
		C83CA64F2428288900314B79 /* Sources */ = {
			isa = PBXSourcesBuildPhase;
			buildActionMask = 2147483647;
			files = (
				C83CA65B2428288900314B79 /* ViewController.swift in Sources */,
				C83CA66D2428349F00314B79 /* TopNewsCell.swift in Sources */,
				C83CA67D242885D200314B79 /* CommentsViewController.swift in Sources */,
				C83CA6752428694400314B79 /* AccountViewController.swift in Sources */,
				C83CA6792428696500314B79 /* SearchViewController.swift in Sources */,
				C81A3402242930B0000434D0 /* LoginPageViewController.swift in Sources */,
				C83CA673242865B300314B79 /* NewsArticleViewController.swift in Sources */,
				C83CA66B24282F2000314B79 /* TopNewsViewController.swift in Sources */,
				C83CA67F2428874B00314B79 /* CommentsTableViewCell.swift in Sources */,
				C83CA6812428897D00314B79 /* SearchTableViewCell.swift in Sources */,
				C83CA6572428288900314B79 /* AppDelegate.swift in Sources */,
				C83CA6772428695000314B79 /* FavoriteViewController.swift in Sources */,
				C83CA67B2428799B00314B79 /* FavoriteArticleCellTableViewCell.swift in Sources */,
				C83CA6592428288900314B79 /* SceneDelegate.swift in Sources */,
				C81EA8342429709E002FAF1C /* Article.swift in Sources */,
			);
			runOnlyForDeploymentPostprocessing = 0;
		};
/* End PBXSourcesBuildPhase section */

/* Begin PBXVariantGroup section */
		C83CA65C2428288900314B79 /* Main.storyboard */ = {
			isa = PBXVariantGroup;
			children = (
				C83CA65D2428288900314B79 /* Base */,
			);
			name = Main.storyboard;
			sourceTree = "<group>";
		};
		C83CA6612428288A00314B79 /* LaunchScreen.storyboard */ = {
			isa = PBXVariantGroup;
			children = (
				C83CA6622428288A00314B79 /* Base */,
			);
			name = LaunchScreen.storyboard;
			sourceTree = "<group>";
		};
/* End PBXVariantGroup section */

/* Begin XCBuildConfiguration section */
		C83CA6652428288A00314B79 /* Debug */ = {
			isa = XCBuildConfiguration;
			buildSettings = {
				ALWAYS_SEARCH_USER_PATHS = NO;
				CLANG_ANALYZER_NONNULL = YES;
				CLANG_ANALYZER_NUMBER_OBJECT_CONVERSION = YES_AGGRESSIVE;
				CLANG_CXX_LANGUAGE_STANDARD = "gnu++14";
				CLANG_CXX_LIBRARY = "libc++";
				CLANG_ENABLE_MODULES = YES;
				CLANG_ENABLE_OBJC_ARC = YES;
				CLANG_ENABLE_OBJC_WEAK = YES;
				CLANG_WARN_BLOCK_CAPTURE_AUTORELEASING = YES;
				CLANG_WARN_BOOL_CONVERSION = YES;
				CLANG_WARN_COMMA = YES;
				CLANG_WARN_CONSTANT_CONVERSION = YES;
				CLANG_WARN_DEPRECATED_OBJC_IMPLEMENTATIONS = YES;
				CLANG_WARN_DIRECT_OBJC_ISA_USAGE = YES_ERROR;
				CLANG_WARN_DOCUMENTATION_COMMENTS = YES;
				CLANG_WARN_EMPTY_BODY = YES;
				CLANG_WARN_ENUM_CONVERSION = YES;
				CLANG_WARN_INFINITE_RECURSION = YES;
				CLANG_WARN_INT_CONVERSION = YES;
				CLANG_WARN_NON_LITERAL_NULL_CONVERSION = YES;
				CLANG_WARN_OBJC_IMPLICIT_RETAIN_SELF = YES;
				CLANG_WARN_OBJC_LITERAL_CONVERSION = YES;
				CLANG_WARN_OBJC_ROOT_CLASS = YES_ERROR;
				CLANG_WARN_RANGE_LOOP_ANALYSIS = YES;
				CLANG_WARN_STRICT_PROTOTYPES = YES;
				CLANG_WARN_SUSPICIOUS_MOVE = YES;
				CLANG_WARN_UNGUARDED_AVAILABILITY = YES_AGGRESSIVE;
				CLANG_WARN_UNREACHABLE_CODE = YES;
				CLANG_WARN__DUPLICATE_METHOD_MATCH = YES;
				COPY_PHASE_STRIP = NO;
				DEBUG_INFORMATION_FORMAT = dwarf;
				ENABLE_STRICT_OBJC_MSGSEND = YES;
				ENABLE_TESTABILITY = YES;
				GCC_C_LANGUAGE_STANDARD = gnu11;
				GCC_DYNAMIC_NO_PIC = NO;
				GCC_NO_COMMON_BLOCKS = YES;
				GCC_OPTIMIZATION_LEVEL = 0;
				GCC_PREPROCESSOR_DEFINITIONS = (
					"DEBUG=1",
					"$(inherited)",
				);
				GCC_WARN_64_TO_32_BIT_CONVERSION = YES;
				GCC_WARN_ABOUT_RETURN_TYPE = YES_ERROR;
				GCC_WARN_UNDECLARED_SELECTOR = YES;
				GCC_WARN_UNINITIALIZED_AUTOS = YES_AGGRESSIVE;
				GCC_WARN_UNUSED_FUNCTION = YES;
				GCC_WARN_UNUSED_VARIABLE = YES;
				IPHONEOS_DEPLOYMENT_TARGET = 13.2;
				MTL_ENABLE_DEBUG_INFO = INCLUDE_SOURCE;
				MTL_FAST_MATH = YES;
				ONLY_ACTIVE_ARCH = YES;
				SDKROOT = iphoneos;
				SWIFT_ACTIVE_COMPILATION_CONDITIONS = DEBUG;
				SWIFT_OPTIMIZATION_LEVEL = "-Onone";
			};
			name = Debug;
		};
		C83CA6662428288A00314B79 /* Release */ = {
			isa = XCBuildConfiguration;
			buildSettings = {
				ALWAYS_SEARCH_USER_PATHS = NO;
				CLANG_ANALYZER_NONNULL = YES;
				CLANG_ANALYZER_NUMBER_OBJECT_CONVERSION = YES_AGGRESSIVE;
				CLANG_CXX_LANGUAGE_STANDARD = "gnu++14";
				CLANG_CXX_LIBRARY = "libc++";
				CLANG_ENABLE_MODULES = YES;
				CLANG_ENABLE_OBJC_ARC = YES;
				CLANG_ENABLE_OBJC_WEAK = YES;
				CLANG_WARN_BLOCK_CAPTURE_AUTORELEASING = YES;
				CLANG_WARN_BOOL_CONVERSION = YES;
				CLANG_WARN_COMMA = YES;
				CLANG_WARN_CONSTANT_CONVERSION = YES;
				CLANG_WARN_DEPRECATED_OBJC_IMPLEMENTATIONS = YES;
				CLANG_WARN_DIRECT_OBJC_ISA_USAGE = YES_ERROR;
				CLANG_WARN_DOCUMENTATION_COMMENTS = YES;
				CLANG_WARN_EMPTY_BODY = YES;
				CLANG_WARN_ENUM_CONVERSION = YES;
				CLANG_WARN_INFINITE_RECURSION = YES;
				CLANG_WARN_INT_CONVERSION = YES;
				CLANG_WARN_NON_LITERAL_NULL_CONVERSION = YES;
				CLANG_WARN_OBJC_IMPLICIT_RETAIN_SELF = YES;
				CLANG_WARN_OBJC_LITERAL_CONVERSION = YES;
				CLANG_WARN_OBJC_ROOT_CLASS = YES_ERROR;
				CLANG_WARN_RANGE_LOOP_ANALYSIS = YES;
				CLANG_WARN_STRICT_PROTOTYPES = YES;
				CLANG_WARN_SUSPICIOUS_MOVE = YES;
				CLANG_WARN_UNGUARDED_AVAILABILITY = YES_AGGRESSIVE;
				CLANG_WARN_UNREACHABLE_CODE = YES;
				CLANG_WARN__DUPLICATE_METHOD_MATCH = YES;
				COPY_PHASE_STRIP = NO;
				DEBUG_INFORMATION_FORMAT = "dwarf-with-dsym";
				ENABLE_NS_ASSERTIONS = NO;
				ENABLE_STRICT_OBJC_MSGSEND = YES;
				GCC_C_LANGUAGE_STANDARD = gnu11;
				GCC_NO_COMMON_BLOCKS = YES;
				GCC_WARN_64_TO_32_BIT_CONVERSION = YES;
				GCC_WARN_ABOUT_RETURN_TYPE = YES_ERROR;
				GCC_WARN_UNDECLARED_SELECTOR = YES;
				GCC_WARN_UNINITIALIZED_AUTOS = YES_AGGRESSIVE;
				GCC_WARN_UNUSED_FUNCTION = YES;
				GCC_WARN_UNUSED_VARIABLE = YES;
				IPHONEOS_DEPLOYMENT_TARGET = 13.2;
				MTL_ENABLE_DEBUG_INFO = NO;
				MTL_FAST_MATH = YES;
				SDKROOT = iphoneos;
				SWIFT_COMPILATION_MODE = wholemodule;
				SWIFT_OPTIMIZATION_LEVEL = "-O";
				VALIDATE_PRODUCT = YES;
			};
			name = Release;
		};
		C83CA6682428288A00314B79 /* Debug */ = {
			isa = XCBuildConfiguration;
			baseConfigurationReference = A96E2BB850F1BD90AEBCADE9 /* Pods-The Exonian.debug.xcconfig */;
			buildSettings = {
				ASSETCATALOG_COMPILER_APPICON_NAME = AppIcon;
				CODE_SIGN_STYLE = Automatic;
				DEVELOPMENT_TEAM = FXY8479Y3F;
				INFOPLIST_FILE = "The Exonian/Info.plist";
				LD_RUNPATH_SEARCH_PATHS = (
					"$(inherited)",
					"@executable_path/Frameworks",
				);
				PRODUCT_BUNDLE_IDENTIFIER = "tonycai.The-Exonian";
				PRODUCT_NAME = "$(TARGET_NAME)";
				SWIFT_VERSION = 5.0;
				TARGETED_DEVICE_FAMILY = "1,2";
			};
			name = Debug;
		};
		C83CA6692428288A00314B79 /* Release */ = {
			isa = XCBuildConfiguration;
			baseConfigurationReference = C2E02116E4CF50D8202D4DDF /* Pods-The Exonian.release.xcconfig */;
			buildSettings = {
				ASSETCATALOG_COMPILER_APPICON_NAME = AppIcon;
				CODE_SIGN_STYLE = Automatic;
				DEVELOPMENT_TEAM = FXY8479Y3F;
				INFOPLIST_FILE = "The Exonian/Info.plist";
				LD_RUNPATH_SEARCH_PATHS = (
					"$(inherited)",
					"@executable_path/Frameworks",
				);
				PRODUCT_BUNDLE_IDENTIFIER = "tonycai.The-Exonian";
				PRODUCT_NAME = "$(TARGET_NAME)";
				SWIFT_VERSION = 5.0;
				TARGETED_DEVICE_FAMILY = "1,2";
			};
			name = Release;
		};
/* End XCBuildConfiguration section */

/* Begin XCConfigurationList section */
		C83CA64E2428288900314B79 /* Build configuration list for PBXProject "The Exonian" */ = {
			isa = XCConfigurationList;
			buildConfigurations = (
				C83CA6652428288A00314B79 /* Debug */,
				C83CA6662428288A00314B79 /* Release */,
			);
			defaultConfigurationIsVisible = 0;
			defaultConfigurationName = Release;
		};
		C83CA6672428288A00314B79 /* Build configuration list for PBXNativeTarget "The Exonian" */ = {
			isa = XCConfigurationList;
			buildConfigurations = (
				C83CA6682428288A00314B79 /* Debug */,
				C83CA6692428288A00314B79 /* Release */,
			);
			defaultConfigurationIsVisible = 0;
			defaultConfigurationName = Release;
		};
/* End XCConfigurationList section */
	};
	rootObject = C83CA64B2428288900314B79 /* Project object */;
}
